{
  "originHash" : "9854796923f5d0502efda9ef1061b6cd667c36f9f780e425f5f0ad9e8c61dcaa",
  "pins" : [
    {
      "identity" : "generative-ai-swift",
      "kind" : "remoteSourceControl",
      "location" : "https://github.com/google/generative-ai-swift",
      "state" : {
        "revision" : "2b8f14cfd158982fe3b2c8a8582ac3af5743742f",
        "version" : "0.5.5"
      }
    },
    {
      "identity" : "openai",
      "kind" : "remoteSourceControl",
      "location" : "https://github.com/MacPaw/OpenAI.git",
      "state" : {
        "revision" : "ac5892fd0de8d283362ddc30f8e9f1a0eaba8cc0",
        "version" : "0.2.5"
      }
    }
  ],
  "version" : 3
}
